{
    "name": "webgpu-metaballs",
    "version": "0.0.1",
    "lockfileVersion": 2,
    "requires": true,
    "packages": {
        "": {
            "version": "0.0.1",
            "license": "MIT",
            "dependencies": {
                "dat.gui": "^0.7.7",
                "gl-matrix": "github:toji/gl-matrix",
                "stats.js": "^0.17.0",
                "web-texture-tool": "github:toji/web-texture-tool"
            }
        },
        "node_modules/dat.gui": {
            "version": "0.7.7",
            "resolved": "https://registry.npmjs.org/dat.gui/-/dat.gui-0.7.7.tgz",
            "integrity": "sha512-sRl/28gF/XRC5ywC9I4zriATTsQcpSsRG7seXCPnTkK8/EQMIbCu5NPMpICLGxX9ZEUvcXR3ArLYCtgreFoMDw=="
        },
        "node_modules/gl-matrix": {
            "version": "3.3.0",
            "resolved": "git+ssh://git@github.com/toji/gl-matrix.git#d30bf3ba16449c2228a56754822059dd79d196a4",
            "license": "MIT"
        },
        "node_modules/stats.js": {
            "version": "0.17.0",
            "resolved": "https://registry.npmjs.org/stats.js/-/stats.js-0.17.0.tgz",
            "integrity": "sha1-scPcRtlEmLV4t/05hbgaznExzH0="
        },
        "node_modules/web-texture-tool": {
            "version": "0.0.1",
            "resolved": "git+ssh://git@github.com/toji/web-texture-tool.git#b1612ee2590cfbc08f43c2e30835219def4e4d72",
            "license": "MIT"
        }
    },
    "dependencies": {
        "dat.gui": {
            "version": "0.7.7",
            "resolved": "https://registry.npmjs.org/dat.gui/-/dat.gui-0.7.7.tgz",
            "integrity": "sha512-sRl/28gF/XRC5ywC9I4zriATTsQcpSsRG7seXCPnTkK8/EQMIbCu5NPMpICLGxX9ZEUvcXR3ArLYCtgreFoMDw=="
        },
        "gl-matrix": {
            "version": "git+ssh://git@github.com/toji/gl-matrix.git#d30bf3ba16449c2228a56754822059dd79d196a4",
            "from": "gl-matrix@github:toji/gl-matrix"
        },
        "stats.js": {
            "version": "0.17.0",
            "resolved": "https://registry.npmjs.org/stats.js/-/stats.js-0.17.0.tgz",
            "integrity": "sha1-scPcRtlEmLV4t/05hbgaznExzH0="
        },
        "web-texture-tool": {
            "version": "git+ssh://git@github.com/toji/web-texture-tool.git#b1612ee2590cfbc08f43c2e30835219def4e4d72",
            "from": "web-texture-tool@github:toji/web-texture-tool"
        }
    }
}
