{
    "name": "webgpu-metaballs",
    "version": "0.0.1",
    "lockfileVersion": 2,
    "requires": true,
    "packages": {
        "": {
            "version": "0.0.1",
            "license": "MIT",
            "dependencies": {
                "dat.gui": "^0.7.7",
                "gl-matrix": "github:toji/gl-matrix",
                "stats.js": "^0.17.0",
                "web-texture-tool": "github:toji/web-texture-tool",
                "wgsl-preprocessor": "^1.0.0"
            }
        },
        "node_modules/dat.gui": {
            "version": "0.7.7",
            "resolved": "https://registry.npmjs.org/dat.gui/-/dat.gui-0.7.7.tgz",
            "integrity": "sha512-sRl/28gF/XRC5ywC9I4zriATTsQcpSsRG7seXCPnTkK8/EQMIbCu5NPMpICLGxX9ZEUvcXR3ArLYCtgreFoMDw=="
        },
        "node_modules/gl-matrix": {
            "version": "3.3.0",
            "resolved": "git+ssh://git@github.com/toji/gl-matrix.git#0b4bfe9d80001cc2a3afeab415d0f5f8ebdf3b62",
            "license": "MIT"
        },
        "node_modules/stats.js": {
            "version": "0.17.0",
            "resolved": "https://registry.npmjs.org/stats.js/-/stats.js-0.17.0.tgz",
            "integrity": "sha1-scPcRtlEmLV4t/05hbgaznExzH0="
        },
        "node_modules/web-texture-tool": {
            "version": "0.0.1",
            "resolved": "git+ssh://git@github.com/toji/web-texture-tool.git#0c43bcac8286fe6c2385f6c5b9739327ab791c0c",
            "license": "MIT"
        },
        "node_modules/wgsl-preprocessor": {
            "version": "1.0.0",
            "resolved": "https://registry.npmjs.org/wgsl-preprocessor/-/wgsl-preprocessor-1.0.0.tgz",
            "integrity": "sha512-fpmt1KFFSr5IS1Gc7JYwgNEo2S0dOjUDbTgxc4Zbsp+N8PF+5HH4j2K2RYwz8XCB8kIxURyukNqSJ7yiSCV1jA=="
        }
    },
    "dependencies": {
        "dat.gui": {
            "version": "0.7.7",
            "resolved": "https://registry.npmjs.org/dat.gui/-/dat.gui-0.7.7.tgz",
            "integrity": "sha512-sRl/28gF/XRC5ywC9I4zriATTsQcpSsRG7seXCPnTkK8/EQMIbCu5NPMpICLGxX9ZEUvcXR3ArLYCtgreFoMDw=="
        },
        "gl-matrix": {
            "version": "git+ssh://git@github.com/toji/gl-matrix.git#0b4bfe9d80001cc2a3afeab415d0f5f8ebdf3b62",
            "from": "gl-matrix@github:toji/gl-matrix"
        },
        "stats.js": {
            "version": "0.17.0",
            "resolved": "https://registry.npmjs.org/stats.js/-/stats.js-0.17.0.tgz",
            "integrity": "sha1-scPcRtlEmLV4t/05hbgaznExzH0="
        },
        "web-texture-tool": {
            "version": "git+ssh://git@github.com/toji/web-texture-tool.git#0c43bcac8286fe6c2385f6c5b9739327ab791c0c",
            "from": "web-texture-tool@github:toji/web-texture-tool"
        },
        "wgsl-preprocessor": {
            "version": "1.0.0",
            "resolved": "https://registry.npmjs.org/wgsl-preprocessor/-/wgsl-preprocessor-1.0.0.tgz",
            "integrity": "sha512-fpmt1KFFSr5IS1Gc7JYwgNEo2S0dOjUDbTgxc4Zbsp+N8PF+5HH4j2K2RYwz8XCB8kIxURyukNqSJ7yiSCV1jA=="
        }
    }
}
